
Microsoft Visual Studio Solution File, Format Version 12.00
# Visual Studio 15
VisualStudioVersion = 15.0.26124.0
MinimumVisualStudioVersion = 15.0.26124.0
Project("{FAE04EC0-301F-11D3-BF4B-00C04F79EFBC}") = "FileSystem", "FileSystem\FileSystem.csproj", "{FA348A88-9FF6-4B1F-98A3-A971AAE012A0}"
EndProject
Project("{FAE04EC0-301F-11D3-BF4B-00C04F79EFBC}") = "FileSystem.Tests", "FileSystem.Tests\FileSystem.Tests.csproj", "{309A81EB-E7A1-49FD-8A7F-6E06B7C77B87}"
EndProject
Global
	GlobalSection(SolutionConfigurationPlatforms) = preSolution
		Debug|Any CPU = Debug|Any CPU
		Debug|x64 = Debug|x64
		Debug|x86 = Debug|x86
		Release|Any CPU = Release|Any CPU
		Release|x64 = Release|x64
		Release|x86 = Release|x86
	EndGlobalSection
	GlobalSection(SolutionProperties) = preSolution
		HideSolutionNode = FALSE
	EndGlobalSection
	GlobalSection(ProjectConfigurationPlatforms) = postSolution
		{FA348A88-9FF6-4B1F-98A3-A971AAE012A0}.Debug|Any CPU.ActiveCfg = Debug|Any CPU
		{FA348A88-9FF6-4B1F-98A3-A971AAE012A0}.Debug|Any CPU.Build.0 = Debug|Any CPU
		{FA348A88-9FF6-4B1F-98A3-A971AAE012A0}.Debug|x64.ActiveCfg = Debug|Any CPU
		{FA348A88-9FF6-4B1F-98A3-A971AAE012A0}.Debug|x64.Build.0 = Debug|Any CPU
		{FA348A88-9FF6-4B1F-98A3-A971AAE012A0}.Debug|x86.ActiveCfg = Debug|Any CPU
		{FA348A88-9FF6-4B1F-98A3-A971AAE012A0}.Debug|x86.Build.0 = Debug|Any CPU
		{FA348A88-9FF6-4B1F-98A3-A971AAE012A0}.Release|Any CPU.ActiveCfg = Release|Any CPU
		{FA348A88-9FF6-4B1F-98A3-A971AAE012A0}.Release|Any CPU.Build.0 = Release|Any CPU
		{FA348A88-9FF6-4B1F-98A3-A971AAE012A0}.Release|x64.ActiveCfg = Release|Any CPU
		{FA348A88-9FF6-4B1F-98A3-A971AAE012A0}.Release|x64.Build.0 = Release|Any CPU
		{FA348A88-9FF6-4B1F-98A3-A971AAE012A0}.Release|x86.ActiveCfg = Release|Any CPU
		{FA348A88-9FF6-4B1F-98A3-A971AAE012A0}.Release|x86.Build.0 = Release|Any CPU
		{309A81EB-E7A1-49FD-8A7F-6E06B7C77B87}.Debug|Any CPU.ActiveCfg = Debug|Any CPU
		{309A81EB-E7A1-49FD-8A7F-6E06B7C77B87}.Debug|Any CPU.Build.0 = Debug|Any CPU
		{309A81EB-E7A1-49FD-8A7F-6E06B7C77B87}.Debug|x64.ActiveCfg = Debug|Any CPU
		{309A81EB-E7A1-49FD-8A7F-6E06B7C77B87}.Debug|x64.Build.0 = Debug|Any CPU
		{309A81EB-E7A1-49FD-8A7F-6E06B7C77B87}.Debug|x86.ActiveCfg = Debug|Any CPU
		{309A81EB-E7A1-49FD-8A7F-6E06B7C77B87}.Debug|x86.Build.0 = Debug|Any CPU
		{309A81EB-E7A1-49FD-8A7F-6E06B7C77B87}.Release|Any CPU.ActiveCfg = Release|Any CPU
		{309A81EB-E7A1-49FD-8A7F-6E06B7C77B87}.Release|Any CPU.Build.0 = Release|Any CPU
		{309A81EB-E7A1-49FD-8A7F-6E06B7C77B87}.Release|x64.ActiveCfg = Release|Any CPU
		{309A81EB-E7A1-49FD-8A7F-6E06B7C77B87}.Release|x64.Build.0 = Release|Any CPU
		{309A81EB-E7A1-49FD-8A7F-6E06B7C77B87}.Release|x86.ActiveCfg = Release|Any CPU
		{309A81EB-E7A1-49FD-8A7F-6E06B7C77B87}.Release|x86.Build.0 = Release|Any CPU
	EndGlobalSection
EndGlobal
