
Microsoft Visual Studio Solution File, Format Version 12.00
# Visual Studio Version 16
VisualStudioVersion = 16.0.29728.190
MinimumVisualStudioVersion = 10.0.40219.1
Project("{FAE04EC0-301F-11D3-BF4B-00C04F79EFBC}") = "Demo1", "Demo1.csproj", "{5FD18B48-6AEF-4B3E-98FA-486B83127823}"
EndProject
Global
	GlobalSection(SolutionConfigurationPlatforms) = preSolution
		Debug|Any CPU = Debug|Any CPU
		Release|Any CPU = Release|Any CPU
	EndGlobalSection
	GlobalSection(ProjectConfigurationPlatforms) = postSolution
		{5FD18B48-6AEF-4B3E-98FA-486B83127823}.Debug|Any CPU.ActiveCfg = Debug|Any CPU
		{5FD18B48-6AEF-4B3E-98FA-486B83127823}.Debug|Any CPU.Build.0 = Debug|Any CPU
		{5FD18B48-6AEF-4B3E-98FA-486B83127823}.Release|Any CPU.ActiveCfg = Release|Any CPU
		{5FD18B48-6AEF-4B3E-98FA-486B83127823}.Release|Any CPU.Build.0 = Release|Any CPU
	EndGlobalSection
	GlobalSection(SolutionProperties) = preSolution
		HideSolutionNode = FALSE
	EndGlobalSection
	GlobalSection(ExtensibilityGlobals) = postSolution
		SolutionGuid = {406EF5E8-BE11-4D42-8FA9-808B7C4C365A}
	EndGlobalSection
EndGlobal
